
Microsoft Visual Studio Solution File, Format Version 12.00
# Visual Studio 15
VisualStudioVersion = 15.0.28307.705
MinimumVisualStudioVersion = 10.0.40219.1
Project("{00D1A9C2-B5F0-4AF3-8072-F6C62B433612}") = "CodeChallenge.SqlDatabase", "CodeChallenge.SqlDatabase\CodeChallenge.SqlDatabase.sqlproj", "{8F75E5B1-AAC1-4CF1-9330-EAFBF592FCB4}"
EndProject
Global
	GlobalSection(SolutionConfigurationPlatforms) = preSolution
		Debug|Any CPU = Debug|Any CPU
		Release|Any CPU = Release|Any CPU
	EndGlobalSection
	GlobalSection(ProjectConfigurationPlatforms) = postSolution
		{8F75E5B1-AAC1-4CF1-9330-EAFBF592FCB4}.Debug|Any CPU.ActiveCfg = Debug|Any CPU
		{8F75E5B1-AAC1-4CF1-9330-EAFBF592FCB4}.Debug|Any CPU.Build.0 = Debug|Any CPU
		{8F75E5B1-AAC1-4CF1-9330-EAFBF592FCB4}.Debug|Any CPU.Deploy.0 = Debug|Any CPU
		{8F75E5B1-AAC1-4CF1-9330-EAFBF592FCB4}.Release|Any CPU.ActiveCfg = Release|Any CPU
		{8F75E5B1-AAC1-4CF1-9330-EAFBF592FCB4}.Release|Any CPU.Build.0 = Release|Any CPU
		{8F75E5B1-AAC1-4CF1-9330-EAFBF592FCB4}.Release|Any CPU.Deploy.0 = Release|Any CPU
	EndGlobalSection
	GlobalSection(SolutionProperties) = preSolution
		HideSolutionNode = FALSE
	EndGlobalSection
	GlobalSection(ExtensibilityGlobals) = postSolution
		SolutionGuid = {21E6D9F6-8038-4DC8-A3B6-E921A9FD2CCE}
	EndGlobalSection
EndGlobal
